
Microsoft Visual Studio Solution File, Format Version 12.00
# Visual Studio Version 16
VisualStudioVersion = 16.0.30204.135
MinimumVisualStudioVersion = 10.0.40219.1
Project("{FAE04EC0-301F-11D3-BF4B-00C04F79EFBC}") = "try22", "try22\try22.csproj", "{4BDE0174-6A31-470D-8916-96A433FE720A}"
EndProject
Project("{FAE04EC0-301F-11D3-BF4B-00C04F79EFBC}") = "ConsoleApp1", "ConsoleApp1\ConsoleApp1.csproj", "{A76D6F00-1C37-46CD-AEC6-5AA76478736F}"
EndProject
Global
	GlobalSection(SolutionConfigurationPlatforms) = preSolution
		Debug|Any CPU = Debug|Any CPU
		Release|Any CPU = Release|Any CPU
	EndGlobalSection
	GlobalSection(ProjectConfigurationPlatforms) = postSolution
		{4BDE0174-6A31-470D-8916-96A433FE720A}.Debug|Any CPU.ActiveCfg = Debug|Any CPU
		{4BDE0174-6A31-470D-8916-96A433FE720A}.Debug|Any CPU.Build.0 = Debug|Any CPU
		{4BDE0174-6A31-470D-8916-96A433FE720A}.Release|Any CPU.ActiveCfg = Release|Any CPU
		{4BDE0174-6A31-470D-8916-96A433FE720A}.Release|Any CPU.Build.0 = Release|Any CPU
		{A76D6F00-1C37-46CD-AEC6-5AA76478736F}.Debug|Any CPU.ActiveCfg = Debug|Any CPU
		{A76D6F00-1C37-46CD-AEC6-5AA76478736F}.Debug|Any CPU.Build.0 = Debug|Any CPU
		{A76D6F00-1C37-46CD-AEC6-5AA76478736F}.Release|Any CPU.ActiveCfg = Release|Any CPU
		{A76D6F00-1C37-46CD-AEC6-5AA76478736F}.Release|Any CPU.Build.0 = Release|Any CPU
	EndGlobalSection
	GlobalSection(SolutionProperties) = preSolution
		HideSolutionNode = FALSE
	EndGlobalSection
	GlobalSection(ExtensibilityGlobals) = postSolution
		SolutionGuid = {FBDF60C9-73D1-4E51-ACDB-8104996C8884}
	EndGlobalSection
EndGlobal
